
Microsoft Visual Studio Solution File, Format Version 12.00
# Visual Studio Version 17
VisualStudioVersion = 17.6.33801.468
MinimumVisualStudioVersion = 10.0.40219.1
Project("{9A19103F-16F7-4668-BE54-9A1E7A4F7556}") = "DedicatedServer", "DedicatedServer\DedicatedServer.csproj", "{416D047F-A853-42CD-A277-240E5B3E4FF0}"
EndProject
Project("{9A19103F-16F7-4668-BE54-9A1E7A4F7556}") = "SteamKit2", "SteamKit\SteamKit2\SteamKit2\SteamKit2.csproj", "{4B2B0365-DE37-4B65-B614-3E4E7C05147D}"
EndProject
Project("{9A19103F-16F7-4668-BE54-9A1E7A4F7556}") = "A2SServer", "A2SServer\A2SServer.csproj", "{7E86C7A0-9378-4B09-8E58-56E19A6E8841}"
EndProject
Project("{9A19103F-16F7-4668-BE54-9A1E7A4F7556}") = "SuperSocket.Server", "SuperSocket\src\SuperSocket.Server\SuperSocket.Server.csproj", "{520EC6BC-EF24-41CF-BBAE-B6C04A66AE4C}"
EndProject
Project("{9A19103F-16F7-4668-BE54-9A1E7A4F7556}") = "SuperSocket.ProtoBase", "SuperSocket\src\SuperSocket.ProtoBase\SuperSocket.ProtoBase.csproj", "{9E0C6E02-54EF-4D75-BA29-57456054A422}"
EndProject
Project("{9A19103F-16F7-4668-BE54-9A1E7A4F7556}") = "SuperSocket.Primitives", "SuperSocket\src\SuperSocket.Primitives\SuperSocket.Primitives.csproj", "{68E6D92C-013F-4683-A376-74C61D675491}"
EndProject
Project("{9A19103F-16F7-4668-BE54-9A1E7A4F7556}") = "SuperSocket.Channel", "SuperSocket\src\SuperSocket.Channel\SuperSocket.Channel.csproj", "{F7083615-4366-427D-B9BA-E6ADBC273B96}"
EndProject
Project("{9A19103F-16F7-4668-BE54-9A1E7A4F7556}") = "SuperSocket.Udp", "SuperSocket\src\SuperSocket.Udp\SuperSocket.Udp.csproj", "{EE8E425B-F3CE-4AFD-91D7-56EA95BAFF6F}"
EndProject
Project("{9A19103F-16F7-4668-BE54-9A1E7A4F7556}") = "SuperSocket.SessionContainer", "SuperSocket\src\SuperSocket.SessionContainer\SuperSocket.SessionContainer.csproj", "{0F92E291-DFB2-4626-A27D-E78EF09495AF}"
EndProject
Global
	GlobalSection(SolutionConfigurationPlatforms) = preSolution
		Debug|Any CPU = Debug|Any CPU
		Release|Any CPU = Release|Any CPU
	EndGlobalSection
	GlobalSection(ProjectConfigurationPlatforms) = postSolution
		{416D047F-A853-42CD-A277-240E5B3E4FF0}.Debug|Any CPU.ActiveCfg = Debug|Any CPU
		{416D047F-A853-42CD-A277-240E5B3E4FF0}.Debug|Any CPU.Build.0 = Debug|Any CPU
		{416D047F-A853-42CD-A277-240E5B3E4FF0}.Release|Any CPU.ActiveCfg = Release|Any CPU
		{416D047F-A853-42CD-A277-240E5B3E4FF0}.Release|Any CPU.Build.0 = Release|Any CPU
		{4B2B0365-DE37-4B65-B614-3E4E7C05147D}.Debug|Any CPU.ActiveCfg = Debug|Any CPU
		{4B2B0365-DE37-4B65-B614-3E4E7C05147D}.Debug|Any CPU.Build.0 = Debug|Any CPU
		{4B2B0365-DE37-4B65-B614-3E4E7C05147D}.Release|Any CPU.ActiveCfg = Release|Any CPU
		{4B2B0365-DE37-4B65-B614-3E4E7C05147D}.Release|Any CPU.Build.0 = Release|Any CPU
		{7E86C7A0-9378-4B09-8E58-56E19A6E8841}.Debug|Any CPU.ActiveCfg = Debug|Any CPU
		{7E86C7A0-9378-4B09-8E58-56E19A6E8841}.Debug|Any CPU.Build.0 = Debug|Any CPU
		{7E86C7A0-9378-4B09-8E58-56E19A6E8841}.Release|Any CPU.ActiveCfg = Release|Any CPU
		{7E86C7A0-9378-4B09-8E58-56E19A6E8841}.Release|Any CPU.Build.0 = Release|Any CPU
		{520EC6BC-EF24-41CF-BBAE-B6C04A66AE4C}.Debug|Any CPU.ActiveCfg = Debug|Any CPU
		{520EC6BC-EF24-41CF-BBAE-B6C04A66AE4C}.Debug|Any CPU.Build.0 = Debug|Any CPU
		{520EC6BC-EF24-41CF-BBAE-B6C04A66AE4C}.Release|Any CPU.ActiveCfg = Release|Any CPU
		{520EC6BC-EF24-41CF-BBAE-B6C04A66AE4C}.Release|Any CPU.Build.0 = Release|Any CPU
		{9E0C6E02-54EF-4D75-BA29-57456054A422}.Debug|Any CPU.ActiveCfg = Debug|Any CPU
		{9E0C6E02-54EF-4D75-BA29-57456054A422}.Debug|Any CPU.Build.0 = Debug|Any CPU
		{9E0C6E02-54EF-4D75-BA29-57456054A422}.Release|Any CPU.ActiveCfg = Release|Any CPU
		{9E0C6E02-54EF-4D75-BA29-57456054A422}.Release|Any CPU.Build.0 = Release|Any CPU
		{68E6D92C-013F-4683-A376-74C61D675491}.Debug|Any CPU.ActiveCfg = Debug|Any CPU
		{68E6D92C-013F-4683-A376-74C61D675491}.Debug|Any CPU.Build.0 = Debug|Any CPU
		{68E6D92C-013F-4683-A376-74C61D675491}.Release|Any CPU.ActiveCfg = Release|Any CPU
		{68E6D92C-013F-4683-A376-74C61D675491}.Release|Any CPU.Build.0 = Release|Any CPU
		{F7083615-4366-427D-B9BA-E6ADBC273B96}.Debug|Any CPU.ActiveCfg = Debug|Any CPU
		{F7083615-4366-427D-B9BA-E6ADBC273B96}.Debug|Any CPU.Build.0 = Debug|Any CPU
		{F7083615-4366-427D-B9BA-E6ADBC273B96}.Release|Any CPU.ActiveCfg = Release|Any CPU
		{F7083615-4366-427D-B9BA-E6ADBC273B96}.Release|Any CPU.Build.0 = Release|Any CPU
		{EE8E425B-F3CE-4AFD-91D7-56EA95BAFF6F}.Debug|Any CPU.ActiveCfg = Debug|Any CPU
		{EE8E425B-F3CE-4AFD-91D7-56EA95BAFF6F}.Debug|Any CPU.Build.0 = Debug|Any CPU
		{EE8E425B-F3CE-4AFD-91D7-56EA95BAFF6F}.Release|Any CPU.ActiveCfg = Release|Any CPU
		{EE8E425B-F3CE-4AFD-91D7-56EA95BAFF6F}.Release|Any CPU.Build.0 = Release|Any CPU
		{0F92E291-DFB2-4626-A27D-E78EF09495AF}.Debug|Any CPU.ActiveCfg = Debug|Any CPU
		{0F92E291-DFB2-4626-A27D-E78EF09495AF}.Debug|Any CPU.Build.0 = Debug|Any CPU
		{0F92E291-DFB2-4626-A27D-E78EF09495AF}.Release|Any CPU.ActiveCfg = Release|Any CPU
		{0F92E291-DFB2-4626-A27D-E78EF09495AF}.Release|Any CPU.Build.0 = Release|Any CPU
	EndGlobalSection
	GlobalSection(SolutionProperties) = preSolution
		HideSolutionNode = FALSE
	EndGlobalSection
	GlobalSection(ExtensibilityGlobals) = postSolution
		SolutionGuid = {42E1EAB2-670E-4AF4-BB14-2699206FE6A0}
	EndGlobalSection
EndGlobal
